
Microsoft Visual Studio Solution File, Format Version 12.00
# Visual Studio Version 17
VisualStudioVersion = 17.0.31903.59
MinimumVisualStudioVersion = 10.0.40219.1
Project("{2150E333-8FDC-42A3-9474-1A3956D46DE8}") = "src", "src", "{827E0CD3-B72D-47B6-A68D-7590B98EB39B}"
EndProject
Project("{FAE04EC0-301F-11D3-BF4B-00C04F79EFBC}") = "MyGoods.Core", "src\MyGoods.Core\MyGoods.Core.csproj", "{1539F015-1417-490C-AD2D-50F893A408BD}"
EndProject
Project("{FAE04EC0-301F-11D3-BF4B-00C04F79EFBC}") = "MyGoods.Application", "src\MyGoods.Application\MyGoods.Application.csproj", "{7485DD0C-3AF7-4EB8-ACDE-CA896C4B164A}"
EndProject
Project("{FAE04EC0-301F-11D3-BF4B-00C04F79EFBC}") = "MyGoods.Infrastructure", "src\MyGoods.Infrastructure\MyGoods.Infrastructure.csproj", "{18837320-7F34-4157-8052-5120D95CDCF8}"
EndProject
Project("{FAE04EC0-301F-11D3-BF4B-00C04F79EFBC}") = "MyGoods.Dto", "src\MyGoods.Dto\MyGoods.Dto.csproj", "{F46CE62F-BBDC-4E9C-A4B6-FA2E4D80BAD7}"
EndProject
Project("{FAE04EC0-301F-11D3-BF4B-00C04F79EFBC}") = "MyGoods.Api", "src\MyGoods.Api\MyGoods.Api.csproj", "{10272285-6A04-4899-B7D5-EC9599ABA719}"
EndProject
Project("{2150E333-8FDC-42A3-9474-1A3956D46DE8}") = "tests", "tests", "{0AB3BF05-4346-4AA6-1389-037BE0695223}"
EndProject
Project("{FAE04EC0-301F-11D3-BF4B-00C04F79EFBC}") = "MyGoods.Tests", "tests\MyGoods.Tests\MyGoods.Tests.csproj", "{9806C822-3211-4389-BC35-6C8C99BE93A7}"
EndProject
Global
	GlobalSection(SolutionConfigurationPlatforms) = preSolution
		Debug|Any CPU = Debug|Any CPU
		Debug|x64 = Debug|x64
		Debug|x86 = Debug|x86
		Release|Any CPU = Release|Any CPU
		Release|x64 = Release|x64
		Release|x86 = Release|x86
	EndGlobalSection
	GlobalSection(ProjectConfigurationPlatforms) = postSolution
		{1539F015-1417-490C-AD2D-50F893A408BD}.Debug|Any CPU.ActiveCfg = Debug|Any CPU
		{1539F015-1417-490C-AD2D-50F893A408BD}.Debug|Any CPU.Build.0 = Debug|Any CPU
		{1539F015-1417-490C-AD2D-50F893A408BD}.Debug|x64.ActiveCfg = Debug|Any CPU
		{1539F015-1417-490C-AD2D-50F893A408BD}.Debug|x64.Build.0 = Debug|Any CPU
		{1539F015-1417-490C-AD2D-50F893A408BD}.Debug|x86.ActiveCfg = Debug|Any CPU
		{1539F015-1417-490C-AD2D-50F893A408BD}.Debug|x86.Build.0 = Debug|Any CPU
		{1539F015-1417-490C-AD2D-50F893A408BD}.Release|Any CPU.ActiveCfg = Release|Any CPU
		{1539F015-1417-490C-AD2D-50F893A408BD}.Release|Any CPU.Build.0 = Release|Any CPU
		{1539F015-1417-490C-AD2D-50F893A408BD}.Release|x64.ActiveCfg = Release|Any CPU
		{1539F015-1417-490C-AD2D-50F893A408BD}.Release|x64.Build.0 = Release|Any CPU
		{1539F015-1417-490C-AD2D-50F893A408BD}.Release|x86.ActiveCfg = Release|Any CPU
		{1539F015-1417-490C-AD2D-50F893A408BD}.Release|x86.Build.0 = Release|Any CPU
		{7485DD0C-3AF7-4EB8-ACDE-CA896C4B164A}.Debug|Any CPU.ActiveCfg = Debug|Any CPU
		{7485DD0C-3AF7-4EB8-ACDE-CA896C4B164A}.Debug|Any CPU.Build.0 = Debug|Any CPU
		{7485DD0C-3AF7-4EB8-ACDE-CA896C4B164A}.Debug|x64.ActiveCfg = Debug|Any CPU
		{7485DD0C-3AF7-4EB8-ACDE-CA896C4B164A}.Debug|x64.Build.0 = Debug|Any CPU
		{7485DD0C-3AF7-4EB8-ACDE-CA896C4B164A}.Debug|x86.ActiveCfg = Debug|Any CPU
		{7485DD0C-3AF7-4EB8-ACDE-CA896C4B164A}.Debug|x86.Build.0 = Debug|Any CPU
		{7485DD0C-3AF7-4EB8-ACDE-CA896C4B164A}.Release|Any CPU.ActiveCfg = Release|Any CPU
		{7485DD0C-3AF7-4EB8-ACDE-CA896C4B164A}.Release|Any CPU.Build.0 = Release|Any CPU
		{7485DD0C-3AF7-4EB8-ACDE-CA896C4B164A}.Release|x64.ActiveCfg = Release|Any CPU
		{7485DD0C-3AF7-4EB8-ACDE-CA896C4B164A}.Release|x64.Build.0 = Release|Any CPU
		{7485DD0C-3AF7-4EB8-ACDE-CA896C4B164A}.Release|x86.ActiveCfg = Release|Any CPU
		{7485DD0C-3AF7-4EB8-ACDE-CA896C4B164A}.Release|x86.Build.0 = Release|Any CPU
		{18837320-7F34-4157-8052-5120D95CDCF8}.Debug|Any CPU.ActiveCfg = Debug|Any CPU
		{18837320-7F34-4157-8052-5120D95CDCF8}.Debug|Any CPU.Build.0 = Debug|Any CPU
		{18837320-7F34-4157-8052-5120D95CDCF8}.Debug|x64.ActiveCfg = Debug|Any CPU
		{18837320-7F34-4157-8052-5120D95CDCF8}.Debug|x64.Build.0 = Debug|Any CPU
		{18837320-7F34-4157-8052-5120D95CDCF8}.Debug|x86.ActiveCfg = Debug|Any CPU
		{18837320-7F34-4157-8052-5120D95CDCF8}.Debug|x86.Build.0 = Debug|Any CPU
		{18837320-7F34-4157-8052-5120D95CDCF8}.Release|Any CPU.ActiveCfg = Release|Any CPU
		{18837320-7F34-4157-8052-5120D95CDCF8}.Release|Any CPU.Build.0 = Release|Any CPU
		{18837320-7F34-4157-8052-5120D95CDCF8}.Release|x64.ActiveCfg = Release|Any CPU
		{18837320-7F34-4157-8052-5120D95CDCF8}.Release|x64.Build.0 = Release|Any CPU
		{18837320-7F34-4157-8052-5120D95CDCF8}.Release|x86.ActiveCfg = Release|Any CPU
		{18837320-7F34-4157-8052-5120D95CDCF8}.Release|x86.Build.0 = Release|Any CPU
		{F46CE62F-BBDC-4E9C-A4B6-FA2E4D80BAD7}.Debug|Any CPU.ActiveCfg = Debug|Any CPU
		{F46CE62F-BBDC-4E9C-A4B6-FA2E4D80BAD7}.Debug|Any CPU.Build.0 = Debug|Any CPU
		{F46CE62F-BBDC-4E9C-A4B6-FA2E4D80BAD7}.Debug|x64.ActiveCfg = Debug|Any CPU
		{F46CE62F-BBDC-4E9C-A4B6-FA2E4D80BAD7}.Debug|x64.Build.0 = Debug|Any CPU
		{F46CE62F-BBDC-4E9C-A4B6-FA2E4D80BAD7}.Debug|x86.ActiveCfg = Debug|Any CPU
		{F46CE62F-BBDC-4E9C-A4B6-FA2E4D80BAD7}.Debug|x86.Build.0 = Debug|Any CPU
		{F46CE62F-BBDC-4E9C-A4B6-FA2E4D80BAD7}.Release|Any CPU.ActiveCfg = Release|Any CPU
		{F46CE62F-BBDC-4E9C-A4B6-FA2E4D80BAD7}.Release|Any CPU.Build.0 = Release|Any CPU
		{F46CE62F-BBDC-4E9C-A4B6-FA2E4D80BAD7}.Release|x64.ActiveCfg = Release|Any CPU
		{F46CE62F-BBDC-4E9C-A4B6-FA2E4D80BAD7}.Release|x64.Build.0 = Release|Any CPU
		{F46CE62F-BBDC-4E9C-A4B6-FA2E4D80BAD7}.Release|x86.ActiveCfg = Release|Any CPU
		{F46CE62F-BBDC-4E9C-A4B6-FA2E4D80BAD7}.Release|x86.Build.0 = Release|Any CPU
		{10272285-6A04-4899-B7D5-EC9599ABA719}.Debug|Any CPU.ActiveCfg = Debug|Any CPU
		{10272285-6A04-4899-B7D5-EC9599ABA719}.Debug|Any CPU.Build.0 = Debug|Any CPU
		{10272285-6A04-4899-B7D5-EC9599ABA719}.Debug|x64.ActiveCfg = Debug|Any CPU
		{10272285-6A04-4899-B7D5-EC9599ABA719}.Debug|x64.Build.0 = Debug|Any CPU
		{10272285-6A04-4899-B7D5-EC9599ABA719}.Debug|x86.ActiveCfg = Debug|Any CPU
		{10272285-6A04-4899-B7D5-EC9599ABA719}.Debug|x86.Build.0 = Debug|Any CPU
		{10272285-6A04-4899-B7D5-EC9599ABA719}.Release|Any CPU.ActiveCfg = Release|Any CPU
		{10272285-6A04-4899-B7D5-EC9599ABA719}.Release|Any CPU.Build.0 = Release|Any CPU
		{10272285-6A04-4899-B7D5-EC9599ABA719}.Release|x64.ActiveCfg = Release|Any CPU
		{10272285-6A04-4899-B7D5-EC9599ABA719}.Release|x64.Build.0 = Release|Any CPU
		{10272285-6A04-4899-B7D5-EC9599ABA719}.Release|x86.ActiveCfg = Release|Any CPU
		{10272285-6A04-4899-B7D5-EC9599ABA719}.Release|x86.Build.0 = Release|Any CPU
		{9806C822-3211-4389-BC35-6C8C99BE93A7}.Debug|Any CPU.ActiveCfg = Debug|Any CPU
		{9806C822-3211-4389-BC35-6C8C99BE93A7}.Debug|Any CPU.Build.0 = Debug|Any CPU
		{9806C822-3211-4389-BC35-6C8C99BE93A7}.Debug|x64.ActiveCfg = Debug|Any CPU
		{9806C822-3211-4389-BC35-6C8C99BE93A7}.Debug|x64.Build.0 = Debug|Any CPU
		{9806C822-3211-4389-BC35-6C8C99BE93A7}.Debug|x86.ActiveCfg = Debug|Any CPU
		{9806C822-3211-4389-BC35-6C8C99BE93A7}.Debug|x86.Build.0 = Debug|Any CPU
		{9806C822-3211-4389-BC35-6C8C99BE93A7}.Release|Any CPU.ActiveCfg = Release|Any CPU
		{9806C822-3211-4389-BC35-6C8C99BE93A7}.Release|Any CPU.Build.0 = Release|Any CPU
		{9806C822-3211-4389-BC35-6C8C99BE93A7}.Release|x64.ActiveCfg = Release|Any CPU
		{9806C822-3211-4389-BC35-6C8C99BE93A7}.Release|x64.Build.0 = Release|Any CPU
		{9806C822-3211-4389-BC35-6C8C99BE93A7}.Release|x86.ActiveCfg = Release|Any CPU
		{9806C822-3211-4389-BC35-6C8C99BE93A7}.Release|x86.Build.0 = Release|Any CPU
	EndGlobalSection
	GlobalSection(SolutionProperties) = preSolution
		HideSolutionNode = FALSE
	EndGlobalSection
	GlobalSection(NestedProjects) = preSolution
		{1539F015-1417-490C-AD2D-50F893A408BD} = {827E0CD3-B72D-47B6-A68D-7590B98EB39B}
		{7485DD0C-3AF7-4EB8-ACDE-CA896C4B164A} = {827E0CD3-B72D-47B6-A68D-7590B98EB39B}
		{18837320-7F34-4157-8052-5120D95CDCF8} = {827E0CD3-B72D-47B6-A68D-7590B98EB39B}
		{F46CE62F-BBDC-4E9C-A4B6-FA2E4D80BAD7} = {827E0CD3-B72D-47B6-A68D-7590B98EB39B}
		{10272285-6A04-4899-B7D5-EC9599ABA719} = {827E0CD3-B72D-47B6-A68D-7590B98EB39B}
		{9806C822-3211-4389-BC35-6C8C99BE93A7} = {0AB3BF05-4346-4AA6-1389-037BE0695223}
	EndGlobalSection
EndGlobal
